// !$*UTF8*$!
{
	archiveVersion = 1;
	classes = {
	};
	objectVersion = 55;
	objects = {

/* Begin PBXBuildFile section */
		188B8735A05CAACD7AE80AAA /* Pods_MovieApp_MovieAppUITests.framework in Frameworks */ = {isa = PBXBuildFile; fileRef = DFE3FB1084CAAEB50A94A0D5 /* Pods_MovieApp_MovieAppUITests.framework */; };
		2261954C272A892D00258339 /* AppDelegate.swift in Sources */ = {isa = PBXBuildFile; fileRef = 2261954B272A892D00258339 /* AppDelegate.swift */; };
		2261954E272A892D00258339 /* SceneDelegate.swift in Sources */ = {isa = PBXBuildFile; fileRef = 2261954D272A892D00258339 /* SceneDelegate.swift */; };
		22619555272A892F00258339 /* Assets.xcassets in Resources */ = {isa = PBXBuildFile; fileRef = 22619554272A892F00258339 /* Assets.xcassets */; };
		22619563272A892F00258339 /* MovieAppTests.swift in Sources */ = {isa = PBXBuildFile; fileRef = 22619562272A892F00258339 /* MovieAppTests.swift */; };
		2261956D272A892F00258339 /* MovieAppUITests.swift in Sources */ = {isa = PBXBuildFile; fileRef = 2261956C272A892F00258339 /* MovieAppUITests.swift */; };
		2261956F272A892F00258339 /* MovieAppUITestsLaunchTests.swift in Sources */ = {isa = PBXBuildFile; fileRef = 2261956E272A892F00258339 /* MovieAppUITestsLaunchTests.swift */; };
		22619585272A9AFC00258339 /* MovieListResponse.swift in Sources */ = {isa = PBXBuildFile; fileRef = 22619584272A9AFC00258339 /* MovieListResponse.swift */; };
		22619587272A9B2000258339 /* MovieDetailsResponse.swift in Sources */ = {isa = PBXBuildFile; fileRef = 22619586272A9B2000258339 /* MovieDetailsResponse.swift */; };
		2261958A272A9B3E00258339 /* Movie.swift in Sources */ = {isa = PBXBuildFile; fileRef = 22619589272A9B3E00258339 /* Movie.swift */; };
		2261958C272A9D3300258339 /* MovieListUseCase.swift in Sources */ = {isa = PBXBuildFile; fileRef = 2261958B272A9D3300258339 /* MovieListUseCase.swift */; };
		2261958E272A9D4600258339 /* MovieDetailsUseCase.swift in Sources */ = {isa = PBXBuildFile; fileRef = 2261958D272A9D4600258339 /* MovieDetailsUseCase.swift */; };
		22619591272A9EF000258339 /* ApiClient.swift in Sources */ = {isa = PBXBuildFile; fileRef = 22619590272A9EF000258339 /* ApiClient.swift */; };
		22619593272A9F0400258339 /* ApiConfiguration.swift in Sources */ = {isa = PBXBuildFile; fileRef = 22619592272A9F0400258339 /* ApiConfiguration.swift */; };
		22619595272A9F1500258339 /* ApiEndPoints.swift in Sources */ = {isa = PBXBuildFile; fileRef = 22619594272A9F1500258339 /* ApiEndPoints.swift */; };
		4CE34381C835FD28AFC840AE /* Pods_MovieAppTests.framework in Frameworks */ = {isa = PBXBuildFile; fileRef = 6C39D144DC235C159FDF1F17 /* Pods_MovieAppTests.framework */; };
		D676C01E08886EE9DB4AE52E /* Pods_MovieApp.framework in Frameworks */ = {isa = PBXBuildFile; fileRef = 68633F29D03536894962AC4A /* Pods_MovieApp.framework */; };
/* End PBXBuildFile section */

/* Begin PBXContainerItemProxy section */
		2261955F272A892F00258339 /* PBXContainerItemProxy */ = {
			isa = PBXContainerItemProxy;
			containerPortal = 22619540272A892D00258339 /* Project object */;
			proxyType = 1;
			remoteGlobalIDString = 22619547272A892D00258339;
			remoteInfo = MovieApp;
		};
		22619569272A892F00258339 /* PBXContainerItemProxy */ = {
			isa = PBXContainerItemProxy;
			containerPortal = 22619540272A892D00258339 /* Project object */;
			proxyType = 1;
			remoteGlobalIDString = 22619547272A892D00258339;
			remoteInfo = MovieApp;
		};
/* End PBXContainerItemProxy section */

/* Begin PBXFileReference section */
		0F688861DBC2AD67B71B7F69 /* Pods-MovieAppTests.debug.xcconfig */ = {isa = PBXFileReference; includeInIndex = 1; lastKnownFileType = text.xcconfig; name = "Pods-MovieAppTests.debug.xcconfig"; path = "Target Support Files/Pods-MovieAppTests/Pods-MovieAppTests.debug.xcconfig"; sourceTree = "<group>"; };
		22619548272A892D00258339 /* MovieApp.app */ = {isa = PBXFileReference; explicitFileType = wrapper.application; includeInIndex = 0; path = MovieApp.app; sourceTree = BUILT_PRODUCTS_DIR; };
		2261954B272A892D00258339 /* AppDelegate.swift */ = {isa = PBXFileReference; lastKnownFileType = sourcecode.swift; path = AppDelegate.swift; sourceTree = "<group>"; };
		2261954D272A892D00258339 /* SceneDelegate.swift */ = {isa = PBXFileReference; lastKnownFileType = sourcecode.swift; path = SceneDelegate.swift; sourceTree = "<group>"; };
		22619554272A892F00258339 /* Assets.xcassets */ = {isa = PBXFileReference; lastKnownFileType = folder.assetcatalog; path = Assets.xcassets; sourceTree = "<group>"; };
		22619559272A892F00258339 /* Info.plist */ = {isa = PBXFileReference; lastKnownFileType = text.plist.xml; path = Info.plist; sourceTree = "<group>"; };
		2261955E272A892F00258339 /* MovieAppTests.xctest */ = {isa = PBXFileReference; explicitFileType = wrapper.cfbundle; includeInIndex = 0; path = MovieAppTests.xctest; sourceTree = BUILT_PRODUCTS_DIR; };
		22619562272A892F00258339 /* MovieAppTests.swift */ = {isa = PBXFileReference; lastKnownFileType = sourcecode.swift; path = MovieAppTests.swift; sourceTree = "<group>"; };
		22619568272A892F00258339 /* MovieAppUITests.xctest */ = {isa = PBXFileReference; explicitFileType = wrapper.cfbundle; includeInIndex = 0; path = MovieAppUITests.xctest; sourceTree = BUILT_PRODUCTS_DIR; };
		2261956C272A892F00258339 /* MovieAppUITests.swift */ = {isa = PBXFileReference; lastKnownFileType = sourcecode.swift; path = MovieAppUITests.swift; sourceTree = "<group>"; };
		2261956E272A892F00258339 /* MovieAppUITestsLaunchTests.swift */ = {isa = PBXFileReference; lastKnownFileType = sourcecode.swift; path = MovieAppUITestsLaunchTests.swift; sourceTree = "<group>"; };
		22619584272A9AFC00258339 /* MovieListResponse.swift */ = {isa = PBXFileReference; lastKnownFileType = sourcecode.swift; path = MovieListResponse.swift; sourceTree = "<group>"; };
		22619586272A9B2000258339 /* MovieDetailsResponse.swift */ = {isa = PBXFileReference; lastKnownFileType = sourcecode.swift; path = MovieDetailsResponse.swift; sourceTree = "<group>"; };
		22619589272A9B3E00258339 /* Movie.swift */ = {isa = PBXFileReference; lastKnownFileType = sourcecode.swift; path = Movie.swift; sourceTree = "<group>"; };
		2261958B272A9D3300258339 /* MovieListUseCase.swift */ = {isa = PBXFileReference; lastKnownFileType = sourcecode.swift; path = MovieListUseCase.swift; sourceTree = "<group>"; };
		2261958D272A9D4600258339 /* MovieDetailsUseCase.swift */ = {isa = PBXFileReference; lastKnownFileType = sourcecode.swift; path = MovieDetailsUseCase.swift; sourceTree = "<group>"; };
		22619590272A9EF000258339 /* ApiClient.swift */ = {isa = PBXFileReference; lastKnownFileType = sourcecode.swift; path = ApiClient.swift; sourceTree = "<group>"; };
		22619592272A9F0400258339 /* ApiConfiguration.swift */ = {isa = PBXFileReference; lastKnownFileType = sourcecode.swift; path = ApiConfiguration.swift; sourceTree = "<group>"; };
		22619594272A9F1500258339 /* ApiEndPoints.swift */ = {isa = PBXFileReference; lastKnownFileType = sourcecode.swift; path = ApiEndPoints.swift; sourceTree = "<group>"; };
		2D7F5E93DBC36E1B8B6D7BA2 /* Pods-MovieApp-MovieAppUITests.release.xcconfig */ = {isa = PBXFileReference; includeInIndex = 1; lastKnownFileType = text.xcconfig; name = "Pods-MovieApp-MovieAppUITests.release.xcconfig"; path = "Target Support Files/Pods-MovieApp-MovieAppUITests/Pods-MovieApp-MovieAppUITests.release.xcconfig"; sourceTree = "<group>"; };
		585050FC0B8442431F4F6096 /* Pods-MovieApp-MovieAppUITests.debug.xcconfig */ = {isa = PBXFileReference; includeInIndex = 1; lastKnownFileType = text.xcconfig; name = "Pods-MovieApp-MovieAppUITests.debug.xcconfig"; path = "Target Support Files/Pods-MovieApp-MovieAppUITests/Pods-MovieApp-MovieAppUITests.debug.xcconfig"; sourceTree = "<group>"; };
		68633F29D03536894962AC4A /* Pods_MovieApp.framework */ = {isa = PBXFileReference; explicitFileType = wrapper.framework; includeInIndex = 0; path = Pods_MovieApp.framework; sourceTree = BUILT_PRODUCTS_DIR; };
		6C39D144DC235C159FDF1F17 /* Pods_MovieAppTests.framework */ = {isa = PBXFileReference; explicitFileType = wrapper.framework; includeInIndex = 0; path = Pods_MovieAppTests.framework; sourceTree = BUILT_PRODUCTS_DIR; };
		6E7CF0390A5E9A5C43CCA2BD /* Pods-MovieApp.debug.xcconfig */ = {isa = PBXFileReference; includeInIndex = 1; lastKnownFileType = text.xcconfig; name = "Pods-MovieApp.debug.xcconfig"; path = "Target Support Files/Pods-MovieApp/Pods-MovieApp.debug.xcconfig"; sourceTree = "<group>"; };
		7D7D2D11121571614168315D /* Pods-MovieApp.release.xcconfig */ = {isa = PBXFileReference; includeInIndex = 1; lastKnownFileType = text.xcconfig; name = "Pods-MovieApp.release.xcconfig"; path = "Target Support Files/Pods-MovieApp/Pods-MovieApp.release.xcconfig"; sourceTree = "<group>"; };
		8C8127FEA5DD8594E2FF349A /* Pods-MovieAppTests.release.xcconfig */ = {isa = PBXFileReference; includeInIndex = 1; lastKnownFileType = text.xcconfig; name = "Pods-MovieAppTests.release.xcconfig"; path = "Target Support Files/Pods-MovieAppTests/Pods-MovieAppTests.release.xcconfig"; sourceTree = "<group>"; };
		DFE3FB1084CAAEB50A94A0D5 /* Pods_MovieApp_MovieAppUITests.framework */ = {isa = PBXFileReference; explicitFileType = wrapper.framework; includeInIndex = 0; path = Pods_MovieApp_MovieAppUITests.framework; sourceTree = BUILT_PRODUCTS_DIR; };
/* End PBXFileReference section */

/* Begin PBXFrameworksBuildPhase section */
		22619545272A892D00258339 /* Frameworks */ = {
			isa = PBXFrameworksBuildPhase;
			buildActionMask = 2147483647;
			files = (
				D676C01E08886EE9DB4AE52E /* Pods_MovieApp.framework in Frameworks */,
			);
			runOnlyForDeploymentPostprocessing = 0;
		};
		2261955B272A892F00258339 /* Frameworks */ = {
			isa = PBXFrameworksBuildPhase;
			buildActionMask = 2147483647;
			files = (
				4CE34381C835FD28AFC840AE /* Pods_MovieAppTests.framework in Frameworks */,
			);
			runOnlyForDeploymentPostprocessing = 0;
		};
		22619565272A892F00258339 /* Frameworks */ = {
			isa = PBXFrameworksBuildPhase;
			buildActionMask = 2147483647;
			files = (
				188B8735A05CAACD7AE80AAA /* Pods_MovieApp_MovieAppUITests.framework in Frameworks */,
			);
			runOnlyForDeploymentPostprocessing = 0;
		};
/* End PBXFrameworksBuildPhase section */

/* Begin PBXGroup section */
		2261953F272A892D00258339 = {
			isa = PBXGroup;
			children = (
				2261954A272A892D00258339 /* MovieApp */,
				22619561272A892F00258339 /* MovieAppTests */,
				2261956B272A892F00258339 /* MovieAppUITests */,
				22619549272A892D00258339 /* Products */,
				504315B7771B09D38740BDCF /* Pods */,
				DEB4FADD96268120321F0F41 /* Frameworks */,
			);
			sourceTree = "<group>";
		};
		22619549272A892D00258339 /* Products */ = {
			isa = PBXGroup;
			children = (
				22619548272A892D00258339 /* MovieApp.app */,
				2261955E272A892F00258339 /* MovieAppTests.xctest */,
				22619568272A892F00258339 /* MovieAppUITests.xctest */,
			);
			name = Products;
			sourceTree = "<group>";
		};
		2261954A272A892D00258339 /* MovieApp */ = {
			isa = PBXGroup;
			children = (
				2261957E272A96AB00258339 /* Data */,
				2261957D272A969F00258339 /* Domain */,
				2261957C272A968800258339 /* Network */,
				2261957B272A967B00258339 /* Presentation */,
				22619580272A96D400258339 /* Util */,
				2261957F272A96C200258339 /* Coordinator */,
				2261954B272A892D00258339 /* AppDelegate.swift */,
				2261954D272A892D00258339 /* SceneDelegate.swift */,
				22619554272A892F00258339 /* Assets.xcassets */,
				22619559272A892F00258339 /* Info.plist */,
			);
			path = MovieApp;
			sourceTree = "<group>";
		};
		22619561272A892F00258339 /* MovieAppTests */ = {
			isa = PBXGroup;
			children = (
				22619562272A892F00258339 /* MovieAppTests.swift */,
			);
			path = MovieAppTests;
			sourceTree = "<group>";
		};
		2261956B272A892F00258339 /* MovieAppUITests */ = {
			isa = PBXGroup;
			children = (
				2261956C272A892F00258339 /* MovieAppUITests.swift */,
				2261956E272A892F00258339 /* MovieAppUITestsLaunchTests.swift */,
			);
			path = MovieAppUITests;
			sourceTree = "<group>";
		};
		2261957B272A967B00258339 /* Presentation */ = {
			isa = PBXGroup;
			children = (
			);
			path = Presentation;
			sourceTree = "<group>";
		};
		2261957C272A968800258339 /* Network */ = {
			isa = PBXGroup;
			children = (
				22619590272A9EF000258339 /* ApiClient.swift */,
				22619592272A9F0400258339 /* ApiConfiguration.swift */,
				22619594272A9F1500258339 /* ApiEndPoints.swift */,
			);
			path = Network;
			sourceTree = "<group>";
		};
		2261957D272A969F00258339 /* Domain */ = {
			isa = PBXGroup;
			children = (
				2261958F272A9D6000258339 /* UseCase */,
				2261958B272A9D3300258339 /* MovieListUseCase.swift */,
				2261958D272A9D4600258339 /* MovieDetailsUseCase.swift */,
			);
			path = Domain;
			sourceTree = "<group>";
		};
		2261957E272A96AB00258339 /* Data */ = {
			isa = PBXGroup;
			children = (
				22619588272A9B2500258339 /* Entitites */,
				22619583272A9AE600258339 /* Api */,
			);
			path = Data;
			sourceTree = "<group>";
		};
		2261957F272A96C200258339 /* Coordinator */ = {
			isa = PBXGroup;
			children = (
			);
			path = Coordinator;
			sourceTree = "<group>";
		};
		22619580272A96D400258339 /* Util */ = {
			isa = PBXGroup;
			children = (
			);
			path = Util;
			sourceTree = "<group>";
		};
		22619583272A9AE600258339 /* Api */ = {
			isa = PBXGroup;
			children = (
				22619584272A9AFC00258339 /* MovieListResponse.swift */,
				22619586272A9B2000258339 /* MovieDetailsResponse.swift */,
			);
			path = Api;
			sourceTree = "<group>";
		};
		22619588272A9B2500258339 /* Entitites */ = {
			isa = PBXGroup;
			children = (
				22619589272A9B3E00258339 /* Movie.swift */,
			);
			path = Entitites;
			sourceTree = "<group>";
		};
		2261958F272A9D6000258339 /* UseCase */ = {
			isa = PBXGroup;
			children = (
			);
			path = UseCase;
			sourceTree = "<group>";
		};
		504315B7771B09D38740BDCF /* Pods */ = {
			isa = PBXGroup;
			children = (
				6E7CF0390A5E9A5C43CCA2BD /* Pods-MovieApp.debug.xcconfig */,
				7D7D2D11121571614168315D /* Pods-MovieApp.release.xcconfig */,
				585050FC0B8442431F4F6096 /* Pods-MovieApp-MovieAppUITests.debug.xcconfig */,
				2D7F5E93DBC36E1B8B6D7BA2 /* Pods-MovieApp-MovieAppUITests.release.xcconfig */,
				0F688861DBC2AD67B71B7F69 /* Pods-MovieAppTests.debug.xcconfig */,
				8C8127FEA5DD8594E2FF349A /* Pods-MovieAppTests.release.xcconfig */,
			);
			path = Pods;
			sourceTree = "<group>";
		};
		DEB4FADD96268120321F0F41 /* Frameworks */ = {
			isa = PBXGroup;
			children = (
				68633F29D03536894962AC4A /* Pods_MovieApp.framework */,
				DFE3FB1084CAAEB50A94A0D5 /* Pods_MovieApp_MovieAppUITests.framework */,
				6C39D144DC235C159FDF1F17 /* Pods_MovieAppTests.framework */,
			);
			name = Frameworks;
			sourceTree = "<group>";
		};
/* End PBXGroup section */

/* Begin PBXNativeTarget section */
		22619547272A892D00258339 /* MovieApp */ = {
			isa = PBXNativeTarget;
			buildConfigurationList = 22619572272A892F00258339 /* Build configuration list for PBXNativeTarget "MovieApp" */;
			buildPhases = (
				A384E70CBA5641FDCCA909F1 /* [CP] Check Pods Manifest.lock */,
				22619544272A892D00258339 /* Sources */,
				22619545272A892D00258339 /* Frameworks */,
				22619546272A892D00258339 /* Resources */,
				AE0C68C7B7D9AB16CC4C3EC2 /* [CP] Embed Pods Frameworks */,
			);
			buildRules = (
			);
			dependencies = (
			);
			name = MovieApp;
			productName = MovieApp;
			productReference = 22619548272A892D00258339 /* MovieApp.app */;
			productType = "com.apple.product-type.application";
		};
		2261955D272A892F00258339 /* MovieAppTests */ = {
			isa = PBXNativeTarget;
			buildConfigurationList = 22619575272A892F00258339 /* Build configuration list for PBXNativeTarget "MovieAppTests" */;
			buildPhases = (
				45BCF7EFB55DAF336A2EE171 /* [CP] Check Pods Manifest.lock */,
				2261955A272A892F00258339 /* Sources */,
				2261955B272A892F00258339 /* Frameworks */,
				2261955C272A892F00258339 /* Resources */,
			);
			buildRules = (
			);
			dependencies = (
				22619560272A892F00258339 /* PBXTargetDependency */,
			);
			name = MovieAppTests;
			productName = MovieAppTests;
			productReference = 2261955E272A892F00258339 /* MovieAppTests.xctest */;
			productType = "com.apple.product-type.bundle.unit-test";
		};
		22619567272A892F00258339 /* MovieAppUITests */ = {
			isa = PBXNativeTarget;
			buildConfigurationList = 22619578272A892F00258339 /* Build configuration list for PBXNativeTarget "MovieAppUITests" */;
			buildPhases = (
				A4CF88FEAE377688FBB19260 /* [CP] Check Pods Manifest.lock */,
				22619564272A892F00258339 /* Sources */,
				22619565272A892F00258339 /* Frameworks */,
				22619566272A892F00258339 /* Resources */,
				6CFAFE6986A4F4228B98C1B9 /* [CP] Embed Pods Frameworks */,
			);
			buildRules = (
			);
			dependencies = (
				2261956A272A892F00258339 /* PBXTargetDependency */,
			);
			name = MovieAppUITests;
			productName = MovieAppUITests;
			productReference = 22619568272A892F00258339 /* MovieAppUITests.xctest */;
			productType = "com.apple.product-type.bundle.ui-testing";
		};
/* End PBXNativeTarget section */

/* Begin PBXProject section */
		22619540272A892D00258339 /* Project object */ = {
			isa = PBXProject;
			attributes = {
				BuildIndependentTargetsInParallel = 1;
				LastSwiftUpdateCheck = 1300;
				LastUpgradeCheck = 1300;
				TargetAttributes = {
					22619547272A892D00258339 = {
						CreatedOnToolsVersion = 13.0;
					};
					2261955D272A892F00258339 = {
						CreatedOnToolsVersion = 13.0;
						TestTargetID = 22619547272A892D00258339;
					};
					22619567272A892F00258339 = {
						CreatedOnToolsVersion = 13.0;
						TestTargetID = 22619547272A892D00258339;
					};
				};
			};
			buildConfigurationList = 22619543272A892D00258339 /* Build configuration list for PBXProject "MovieApp" */;
			compatibilityVersion = "Xcode 13.0";
			developmentRegion = en;
			hasScannedForEncodings = 0;
			knownRegions = (
				en,
				Base,
			);
			mainGroup = 2261953F272A892D00258339;
			productRefGroup = 22619549272A892D00258339 /* Products */;
			projectDirPath = "";
			projectRoot = "";
			targets = (
				22619547272A892D00258339 /* MovieApp */,
				2261955D272A892F00258339 /* MovieAppTests */,
				22619567272A892F00258339 /* MovieAppUITests */,
			);
		};
/* End PBXProject section */

/* Begin PBXResourcesBuildPhase section */
		22619546272A892D00258339 /* Resources */ = {
			isa = PBXResourcesBuildPhase;
			buildActionMask = 2147483647;
			files = (
				22619555272A892F00258339 /* Assets.xcassets in Resources */,
			);
			runOnlyForDeploymentPostprocessing = 0;
		};
		2261955C272A892F00258339 /* Resources */ = {
			isa = PBXResourcesBuildPhase;
			buildActionMask = 2147483647;
			files = (
			);
			runOnlyForDeploymentPostprocessing = 0;
		};
		22619566272A892F00258339 /* Resources */ = {
			isa = PBXResourcesBuildPhase;
			buildActionMask = 2147483647;
			files = (
			);
			runOnlyForDeploymentPostprocessing = 0;
		};
/* End PBXResourcesBuildPhase section */

/* Begin PBXShellScriptBuildPhase section */
		45BCF7EFB55DAF336A2EE171 /* [CP] Check Pods Manifest.lock */ = {
			isa = PBXShellScriptBuildPhase;
			buildActionMask = 2147483647;
			files = (
			);
			inputFileListPaths = (
			);
			inputPaths = (
				"${PODS_PODFILE_DIR_PATH}/Podfile.lock",
				"${PODS_ROOT}/Manifest.lock",
			);
			name = "[CP] Check Pods Manifest.lock";
			outputFileListPaths = (
			);
			outputPaths = (
				"$(DERIVED_FILE_DIR)/Pods-MovieAppTests-checkManifestLockResult.txt",
			);
			runOnlyForDeploymentPostprocessing = 0;
			shellPath = /bin/sh;
			shellScript = "diff \"${PODS_PODFILE_DIR_PATH}/Podfile.lock\" \"${PODS_ROOT}/Manifest.lock\" > /dev/null\nif [ $? != 0 ] ; then\n    # print error to STDERR\n    echo \"error: The sandbox is not in sync with the Podfile.lock. Run 'pod install' or update your CocoaPods installation.\" >&2\n    exit 1\nfi\n# This output is used by Xcode 'outputs' to avoid re-running this script phase.\necho \"SUCCESS\" > \"${SCRIPT_OUTPUT_FILE_0}\"\n";
			showEnvVarsInLog = 0;
		};
		6CFAFE6986A4F4228B98C1B9 /* [CP] Embed Pods Frameworks */ = {
			isa = PBXShellScriptBuildPhase;
			buildActionMask = 2147483647;
			files = (
			);
			inputFileListPaths = (
				"${PODS_ROOT}/Target Support Files/Pods-MovieApp-MovieAppUITests/Pods-MovieApp-MovieAppUITests-frameworks-${CONFIGURATION}-input-files.xcfilelist",
			);
			name = "[CP] Embed Pods Frameworks";
			outputFileListPaths = (
				"${PODS_ROOT}/Target Support Files/Pods-MovieApp-MovieAppUITests/Pods-MovieApp-MovieAppUITests-frameworks-${CONFIGURATION}-output-files.xcfilelist",
			);
			runOnlyForDeploymentPostprocessing = 0;
			shellPath = /bin/sh;
			shellScript = "\"${PODS_ROOT}/Target Support Files/Pods-MovieApp-MovieAppUITests/Pods-MovieApp-MovieAppUITests-frameworks.sh\"\n";
			showEnvVarsInLog = 0;
		};
		A384E70CBA5641FDCCA909F1 /* [CP] Check Pods Manifest.lock */ = {
			isa = PBXShellScriptBuildPhase;
			buildActionMask = 2147483647;
			files = (
			);
			inputFileListPaths = (
			);
			inputPaths = (
				"${PODS_PODFILE_DIR_PATH}/Podfile.lock",
				"${PODS_ROOT}/Manifest.lock",
			);
			name = "[CP] Check Pods Manifest.lock";
			outputFileListPaths = (
			);
			outputPaths = (
				"$(DERIVED_FILE_DIR)/Pods-MovieApp-checkManifestLockResult.txt",
			);
			runOnlyForDeploymentPostprocessing = 0;
			shellPath = /bin/sh;
			shellScript = "diff \"${PODS_PODFILE_DIR_PATH}/Podfile.lock\" \"${PODS_ROOT}/Manifest.lock\" > /dev/null\nif [ $? != 0 ] ; then\n    # print error to STDERR\n    echo \"error: The sandbox is not in sync with the Podfile.lock. Run 'pod install' or update your CocoaPods installation.\" >&2\n    exit 1\nfi\n# This output is used by Xcode 'outputs' to avoid re-running this script phase.\necho \"SUCCESS\" > \"${SCRIPT_OUTPUT_FILE_0}\"\n";
			showEnvVarsInLog = 0;
		};
		A4CF88FEAE377688FBB19260 /* [CP] Check Pods Manifest.lock */ = {
			isa = PBXShellScriptBuildPhase;
			buildActionMask = 2147483647;
			files = (
			);
			inputFileListPaths = (
			);
			inputPaths = (
				"${PODS_PODFILE_DIR_PATH}/Podfile.lock",
				"${PODS_ROOT}/Manifest.lock",
			);
			name = "[CP] Check Pods Manifest.lock";
			outputFileListPaths = (
			);
			outputPaths = (
				"$(DERIVED_FILE_DIR)/Pods-MovieApp-MovieAppUITests-checkManifestLockResult.txt",
			);
			runOnlyForDeploymentPostprocessing = 0;
			shellPath = /bin/sh;
			shellScript = "diff \"${PODS_PODFILE_DIR_PATH}/Podfile.lock\" \"${PODS_ROOT}/Manifest.lock\" > /dev/null\nif [ $? != 0 ] ; then\n    # print error to STDERR\n    echo \"error: The sandbox is not in sync with the Podfile.lock. Run 'pod install' or update your CocoaPods installation.\" >&2\n    exit 1\nfi\n# This output is used by Xcode 'outputs' to avoid re-running this script phase.\necho \"SUCCESS\" > \"${SCRIPT_OUTPUT_FILE_0}\"\n";
			showEnvVarsInLog = 0;
		};
		AE0C68C7B7D9AB16CC4C3EC2 /* [CP] Embed Pods Frameworks */ = {
			isa = PBXShellScriptBuildPhase;
			buildActionMask = 2147483647;
			files = (
			);
			inputFileListPaths = (
				"${PODS_ROOT}/Target Support Files/Pods-MovieApp/Pods-MovieApp-frameworks-${CONFIGURATION}-input-files.xcfilelist",
			);
			name = "[CP] Embed Pods Frameworks";
			outputFileListPaths = (
				"${PODS_ROOT}/Target Support Files/Pods-MovieApp/Pods-MovieApp-frameworks-${CONFIGURATION}-output-files.xcfilelist",
			);
			runOnlyForDeploymentPostprocessing = 0;
			shellPath = /bin/sh;
			shellScript = "\"${PODS_ROOT}/Target Support Files/Pods-MovieApp/Pods-MovieApp-frameworks.sh\"\n";
			showEnvVarsInLog = 0;
		};
/* End PBXShellScriptBuildPhase section */

/* Begin PBXSourcesBuildPhase section */
		22619544272A892D00258339 /* Sources */ = {
			isa = PBXSourcesBuildPhase;
			buildActionMask = 2147483647;
			files = (
				22619585272A9AFC00258339 /* MovieListResponse.swift in Sources */,
				2261954C272A892D00258339 /* AppDelegate.swift in Sources */,
				22619593272A9F0400258339 /* ApiConfiguration.swift in Sources */,
				2261958C272A9D3300258339 /* MovieListUseCase.swift in Sources */,
				22619591272A9EF000258339 /* ApiClient.swift in Sources */,
				22619587272A9B2000258339 /* MovieDetailsResponse.swift in Sources */,
				2261958E272A9D4600258339 /* MovieDetailsUseCase.swift in Sources */,
				2261954E272A892D00258339 /* SceneDelegate.swift in Sources */,
				2261958A272A9B3E00258339 /* Movie.swift in Sources */,
				22619595272A9F1500258339 /* ApiEndPoints.swift in Sources */,
			);
			runOnlyForDeploymentPostprocessing = 0;
		};
		2261955A272A892F00258339 /* Sources */ = {
			isa = PBXSourcesBuildPhase;
			buildActionMask = 2147483647;
			files = (
				22619563272A892F00258339 /* MovieAppTests.swift in Sources */,
			);
			runOnlyForDeploymentPostprocessing = 0;
		};
		22619564272A892F00258339 /* Sources */ = {
			isa = PBXSourcesBuildPhase;
			buildActionMask = 2147483647;
			files = (
				2261956F272A892F00258339 /* MovieAppUITestsLaunchTests.swift in Sources */,
				2261956D272A892F00258339 /* MovieAppUITests.swift in Sources */,
			);
			runOnlyForDeploymentPostprocessing = 0;
		};
/* End PBXSourcesBuildPhase section */

/* Begin PBXTargetDependency section */
		22619560272A892F00258339 /* PBXTargetDependency */ = {
			isa = PBXTargetDependency;
			target = 22619547272A892D00258339 /* MovieApp */;
			targetProxy = 2261955F272A892F00258339 /* PBXContainerItemProxy */;
		};
		2261956A272A892F00258339 /* PBXTargetDependency */ = {
			isa = PBXTargetDependency;
			target = 22619547272A892D00258339 /* MovieApp */;
			targetProxy = 22619569272A892F00258339 /* PBXContainerItemProxy */;
		};
/* End PBXTargetDependency section */

/* Begin XCBuildConfiguration section */
		22619570272A892F00258339 /* Debug */ = {
			isa = XCBuildConfiguration;
			buildSettings = {
				ALWAYS_SEARCH_USER_PATHS = NO;
				CLANG_ANALYZER_NONNULL = YES;
				CLANG_ANALYZER_NUMBER_OBJECT_CONVERSION = YES_AGGRESSIVE;
				CLANG_CXX_LANGUAGE_STANDARD = "gnu++17";
				CLANG_CXX_LIBRARY = "libc++";
				CLANG_ENABLE_MODULES = YES;
				CLANG_ENABLE_OBJC_ARC = YES;
				CLANG_ENABLE_OBJC_WEAK = YES;
				CLANG_WARN_BLOCK_CAPTURE_AUTORELEASING = YES;
				CLANG_WARN_BOOL_CONVERSION = YES;
				CLANG_WARN_COMMA = YES;
				CLANG_WARN_CONSTANT_CONVERSION = YES;
				CLANG_WARN_DEPRECATED_OBJC_IMPLEMENTATIONS = YES;
				CLANG_WARN_DIRECT_OBJC_ISA_USAGE = YES_ERROR;
				CLANG_WARN_DOCUMENTATION_COMMENTS = YES;
				CLANG_WARN_EMPTY_BODY = YES;
				CLANG_WARN_ENUM_CONVERSION = YES;
				CLANG_WARN_INFINITE_RECURSION = YES;
				CLANG_WARN_INT_CONVERSION = YES;
				CLANG_WARN_NON_LITERAL_NULL_CONVERSION = YES;
				CLANG_WARN_OBJC_IMPLICIT_RETAIN_SELF = YES;
				CLANG_WARN_OBJC_LITERAL_CONVERSION = YES;
				CLANG_WARN_OBJC_ROOT_CLASS = YES_ERROR;
				CLANG_WARN_QUOTED_INCLUDE_IN_FRAMEWORK_HEADER = YES;
				CLANG_WARN_RANGE_LOOP_ANALYSIS = YES;
				CLANG_WARN_STRICT_PROTOTYPES = YES;
				CLANG_WARN_SUSPICIOUS_MOVE = YES;
				CLANG_WARN_UNGUARDED_AVAILABILITY = YES_AGGRESSIVE;
				CLANG_WARN_UNREACHABLE_CODE = YES;
				CLANG_WARN__DUPLICATE_METHOD_MATCH = YES;
				COPY_PHASE_STRIP = NO;
				DEBUG_INFORMATION_FORMAT = dwarf;
				ENABLE_STRICT_OBJC_MSGSEND = YES;
				ENABLE_TESTABILITY = YES;
				GCC_C_LANGUAGE_STANDARD = gnu11;
				GCC_DYNAMIC_NO_PIC = NO;
				GCC_NO_COMMON_BLOCKS = YES;
				GCC_OPTIMIZATION_LEVEL = 0;
				GCC_PREPROCESSOR_DEFINITIONS = (
					"DEBUG=1",
					"$(inherited)",
				);
				GCC_WARN_64_TO_32_BIT_CONVERSION = YES;
				GCC_WARN_ABOUT_RETURN_TYPE = YES_ERROR;
				GCC_WARN_UNDECLARED_SELECTOR = YES;
				GCC_WARN_UNINITIALIZED_AUTOS = YES_AGGRESSIVE;
				GCC_WARN_UNUSED_FUNCTION = YES;
				GCC_WARN_UNUSED_VARIABLE = YES;
				IPHONEOS_DEPLOYMENT_TARGET = 15.0;
				MTL_ENABLE_DEBUG_INFO = INCLUDE_SOURCE;
				MTL_FAST_MATH = YES;
				ONLY_ACTIVE_ARCH = YES;
				SDKROOT = iphoneos;
				SWIFT_ACTIVE_COMPILATION_CONDITIONS = DEBUG;
				SWIFT_OPTIMIZATION_LEVEL = "-Onone";
			};
			name = Debug;
		};
		22619571272A892F00258339 /* Release */ = {
			isa = XCBuildConfiguration;
			buildSettings = {
				ALWAYS_SEARCH_USER_PATHS = NO;
				CLANG_ANALYZER_NONNULL = YES;
				CLANG_ANALYZER_NUMBER_OBJECT_CONVERSION = YES_AGGRESSIVE;
				CLANG_CXX_LANGUAGE_STANDARD = "gnu++17";
				CLANG_CXX_LIBRARY = "libc++";
				CLANG_ENABLE_MODULES = YES;
				CLANG_ENABLE_OBJC_ARC = YES;
				CLANG_ENABLE_OBJC_WEAK = YES;
				CLANG_WARN_BLOCK_CAPTURE_AUTORELEASING = YES;
				CLANG_WARN_BOOL_CONVERSION = YES;
				CLANG_WARN_COMMA = YES;
				CLANG_WARN_CONSTANT_CONVERSION = YES;
				CLANG_WARN_DEPRECATED_OBJC_IMPLEMENTATIONS = YES;
				CLANG_WARN_DIRECT_OBJC_ISA_USAGE = YES_ERROR;
				CLANG_WARN_DOCUMENTATION_COMMENTS = YES;
				CLANG_WARN_EMPTY_BODY = YES;
				CLANG_WARN_ENUM_CONVERSION = YES;
				CLANG_WARN_INFINITE_RECURSION = YES;
				CLANG_WARN_INT_CONVERSION = YES;
				CLANG_WARN_NON_LITERAL_NULL_CONVERSION = YES;
				CLANG_WARN_OBJC_IMPLICIT_RETAIN_SELF = YES;
				CLANG_WARN_OBJC_LITERAL_CONVERSION = YES;
				CLANG_WARN_OBJC_ROOT_CLASS = YES_ERROR;
				CLANG_WARN_QUOTED_INCLUDE_IN_FRAMEWORK_HEADER = YES;
				CLANG_WARN_RANGE_LOOP_ANALYSIS = YES;
				CLANG_WARN_STRICT_PROTOTYPES = YES;
				CLANG_WARN_SUSPICIOUS_MOVE = YES;
				CLANG_WARN_UNGUARDED_AVAILABILITY = YES_AGGRESSIVE;
				CLANG_WARN_UNREACHABLE_CODE = YES;
				CLANG_WARN__DUPLICATE_METHOD_MATCH = YES;
				COPY_PHASE_STRIP = NO;
				DEBUG_INFORMATION_FORMAT = "dwarf-with-dsym";
				ENABLE_NS_ASSERTIONS = NO;
				ENABLE_STRICT_OBJC_MSGSEND = YES;
				GCC_C_LANGUAGE_STANDARD = gnu11;
				GCC_NO_COMMON_BLOCKS = YES;
				GCC_WARN_64_TO_32_BIT_CONVERSION = YES;
				GCC_WARN_ABOUT_RETURN_TYPE = YES_ERROR;
				GCC_WARN_UNDECLARED_SELECTOR = YES;
				GCC_WARN_UNINITIALIZED_AUTOS = YES_AGGRESSIVE;
				GCC_WARN_UNUSED_FUNCTION = YES;
				GCC_WARN_UNUSED_VARIABLE = YES;
				IPHONEOS_DEPLOYMENT_TARGET = 15.0;
				MTL_ENABLE_DEBUG_INFO = NO;
				MTL_FAST_MATH = YES;
				SDKROOT = iphoneos;
				SWIFT_COMPILATION_MODE = wholemodule;
				SWIFT_OPTIMIZATION_LEVEL = "-O";
				VALIDATE_PRODUCT = YES;
			};
			name = Release;
		};
		22619573272A892F00258339 /* Debug */ = {
			isa = XCBuildConfiguration;
			baseConfigurationReference = 6E7CF0390A5E9A5C43CCA2BD /* Pods-MovieApp.debug.xcconfig */;
			buildSettings = {
				ASSETCATALOG_COMPILER_APPICON_NAME = AppIcon;
				ASSETCATALOG_COMPILER_GLOBAL_ACCENT_COLOR_NAME = AccentColor;
				CODE_SIGN_STYLE = Automatic;
				CURRENT_PROJECT_VERSION = 1;
				DEVELOPMENT_TEAM = 2LVW678G5P;
				GENERATE_INFOPLIST_FILE = YES;
				INFOPLIST_FILE = MovieApp/Info.plist;
				INFOPLIST_KEY_UIApplicationSupportsIndirectInputEvents = YES;
				INFOPLIST_KEY_UILaunchStoryboardName = LaunchScreen;
				INFOPLIST_KEY_UISupportedInterfaceOrientations_iPad = "UIInterfaceOrientationPortrait UIInterfaceOrientationPortraitUpsideDown UIInterfaceOrientationLandscapeLeft UIInterfaceOrientationLandscapeRight";
				INFOPLIST_KEY_UISupportedInterfaceOrientations_iPhone = "UIInterfaceOrientationPortrait UIInterfaceOrientationLandscapeLeft UIInterfaceOrientationLandscapeRight";
				LD_RUNPATH_SEARCH_PATHS = (
					"$(inherited)",
					"@executable_path/Frameworks",
				);
				MARKETING_VERSION = 1.0;
				PRODUCT_BUNDLE_IDENTIFIER = com.saniyetoy.MovieApp;
				PRODUCT_NAME = "$(TARGET_NAME)";
				SWIFT_EMIT_LOC_STRINGS = YES;
				SWIFT_VERSION = 5.0;
				TARGETED_DEVICE_FAMILY = "1,2";
			};
			name = Debug;
		};
		22619574272A892F00258339 /* Release */ = {
			isa = XCBuildConfiguration;
			baseConfigurationReference = 7D7D2D11121571614168315D /* Pods-MovieApp.release.xcconfig */;
			buildSettings = {
				ASSETCATALOG_COMPILER_APPICON_NAME = AppIcon;
				ASSETCATALOG_COMPILER_GLOBAL_ACCENT_COLOR_NAME = AccentColor;
				CODE_SIGN_STYLE = Automatic;
				CURRENT_PROJECT_VERSION = 1;
				DEVELOPMENT_TEAM = 2LVW678G5P;
				GENERATE_INFOPLIST_FILE = YES;
				INFOPLIST_FILE = MovieApp/Info.plist;
				INFOPLIST_KEY_UIApplicationSupportsIndirectInputEvents = YES;
				INFOPLIST_KEY_UILaunchStoryboardName = LaunchScreen;
				INFOPLIST_KEY_UISupportedInterfaceOrientations_iPad = "UIInterfaceOrientationPortrait UIInterfaceOrientationPortraitUpsideDown UIInterfaceOrientationLandscapeLeft UIInterfaceOrientationLandscapeRight";
				INFOPLIST_KEY_UISupportedInterfaceOrientations_iPhone = "UIInterfaceOrientationPortrait UIInterfaceOrientationLandscapeLeft UIInterfaceOrientationLandscapeRight";
				LD_RUNPATH_SEARCH_PATHS = (
					"$(inherited)",
					"@executable_path/Frameworks",
				);
				MARKETING_VERSION = 1.0;
				PRODUCT_BUNDLE_IDENTIFIER = com.saniyetoy.MovieApp;
				PRODUCT_NAME = "$(TARGET_NAME)";
				SWIFT_EMIT_LOC_STRINGS = YES;
				SWIFT_VERSION = 5.0;
				TARGETED_DEVICE_FAMILY = "1,2";
			};
			name = Release;
		};
		22619576272A892F00258339 /* Debug */ = {
			isa = XCBuildConfiguration;
			baseConfigurationReference = 0F688861DBC2AD67B71B7F69 /* Pods-MovieAppTests.debug.xcconfig */;
			buildSettings = {
				ALWAYS_EMBED_SWIFT_STANDARD_LIBRARIES = YES;
				BUNDLE_LOADER = "$(TEST_HOST)";
				CODE_SIGN_STYLE = Automatic;
				CURRENT_PROJECT_VERSION = 1;
				DEVELOPMENT_TEAM = 2LVW678G5P;
				GENERATE_INFOPLIST_FILE = YES;
				IPHONEOS_DEPLOYMENT_TARGET = 15.0;
				LD_RUNPATH_SEARCH_PATHS = (
					"$(inherited)",
					"@executable_path/Frameworks",
					"@loader_path/Frameworks",
				);
				MARKETING_VERSION = 1.0;
				PRODUCT_BUNDLE_IDENTIFIER = com.saniyetoy.MovieAppTests;
				PRODUCT_NAME = "$(TARGET_NAME)";
				SWIFT_EMIT_LOC_STRINGS = NO;
				SWIFT_VERSION = 5.0;
				TARGETED_DEVICE_FAMILY = "1,2";
				TEST_HOST = "$(BUILT_PRODUCTS_DIR)/MovieApp.app/MovieApp";
			};
			name = Debug;
		};
		22619577272A892F00258339 /* Release */ = {
			isa = XCBuildConfiguration;
			baseConfigurationReference = 8C8127FEA5DD8594E2FF349A /* Pods-MovieAppTests.release.xcconfig */;
			buildSettings = {
				ALWAYS_EMBED_SWIFT_STANDARD_LIBRARIES = YES;
				BUNDLE_LOADER = "$(TEST_HOST)";
				CODE_SIGN_STYLE = Automatic;
				CURRENT_PROJECT_VERSION = 1;
				DEVELOPMENT_TEAM = 2LVW678G5P;
				GENERATE_INFOPLIST_FILE = YES;
				IPHONEOS_DEPLOYMENT_TARGET = 15.0;
				LD_RUNPATH_SEARCH_PATHS = (
					"$(inherited)",
					"@executable_path/Frameworks",
					"@loader_path/Frameworks",
				);
				MARKETING_VERSION = 1.0;
				PRODUCT_BUNDLE_IDENTIFIER = com.saniyetoy.MovieAppTests;
				PRODUCT_NAME = "$(TARGET_NAME)";
				SWIFT_EMIT_LOC_STRINGS = NO;
				SWIFT_VERSION = 5.0;
				TARGETED_DEVICE_FAMILY = "1,2";
				TEST_HOST = "$(BUILT_PRODUCTS_DIR)/MovieApp.app/MovieApp";
			};
			name = Release;
		};
		22619579272A892F00258339 /* Debug */ = {
			isa = XCBuildConfiguration;
			baseConfigurationReference = 585050FC0B8442431F4F6096 /* Pods-MovieApp-MovieAppUITests.debug.xcconfig */;
			buildSettings = {
				ALWAYS_EMBED_SWIFT_STANDARD_LIBRARIES = YES;
				CODE_SIGN_STYLE = Automatic;
				CURRENT_PROJECT_VERSION = 1;
				DEVELOPMENT_TEAM = 2LVW678G5P;
				GENERATE_INFOPLIST_FILE = YES;
				LD_RUNPATH_SEARCH_PATHS = (
					"$(inherited)",
					"@executable_path/Frameworks",
					"@loader_path/Frameworks",
				);
				MARKETING_VERSION = 1.0;
				PRODUCT_BUNDLE_IDENTIFIER = com.saniyetoy.MovieAppUITests;
				PRODUCT_NAME = "$(TARGET_NAME)";
				SWIFT_EMIT_LOC_STRINGS = NO;
				SWIFT_VERSION = 5.0;
				TARGETED_DEVICE_FAMILY = "1,2";
				TEST_TARGET_NAME = MovieApp;
			};
			name = Debug;
		};
		2261957A272A892F00258339 /* Release */ = {
			isa = XCBuildConfiguration;
			baseConfigurationReference = 2D7F5E93DBC36E1B8B6D7BA2 /* Pods-MovieApp-MovieAppUITests.release.xcconfig */;
			buildSettings = {
				ALWAYS_EMBED_SWIFT_STANDARD_LIBRARIES = YES;
				CODE_SIGN_STYLE = Automatic;
				CURRENT_PROJECT_VERSION = 1;
				DEVELOPMENT_TEAM = 2LVW678G5P;
				GENERATE_INFOPLIST_FILE = YES;
				LD_RUNPATH_SEARCH_PATHS = (
					"$(inherited)",
					"@executable_path/Frameworks",
					"@loader_path/Frameworks",
				);
				MARKETING_VERSION = 1.0;
				PRODUCT_BUNDLE_IDENTIFIER = com.saniyetoy.MovieAppUITests;
				PRODUCT_NAME = "$(TARGET_NAME)";
				SWIFT_EMIT_LOC_STRINGS = NO;
				SWIFT_VERSION = 5.0;
				TARGETED_DEVICE_FAMILY = "1,2";
				TEST_TARGET_NAME = MovieApp;
			};
			name = Release;
		};
/* End XCBuildConfiguration section */

/* Begin XCConfigurationList section */
		22619543272A892D00258339 /* Build configuration list for PBXProject "MovieApp" */ = {
			isa = XCConfigurationList;
			buildConfigurations = (
				22619570272A892F00258339 /* Debug */,
				22619571272A892F00258339 /* Release */,
			);
			defaultConfigurationIsVisible = 0;
			defaultConfigurationName = Release;
		};
		22619572272A892F00258339 /* Build configuration list for PBXNativeTarget "MovieApp" */ = {
			isa = XCConfigurationList;
			buildConfigurations = (
				22619573272A892F00258339 /* Debug */,
				22619574272A892F00258339 /* Release */,
			);
			defaultConfigurationIsVisible = 0;
			defaultConfigurationName = Release;
		};
		22619575272A892F00258339 /* Build configuration list for PBXNativeTarget "MovieAppTests" */ = {
			isa = XCConfigurationList;
			buildConfigurations = (
				22619576272A892F00258339 /* Debug */,
				22619577272A892F00258339 /* Release */,
			);
			defaultConfigurationIsVisible = 0;
			defaultConfigurationName = Release;
		};
		22619578272A892F00258339 /* Build configuration list for PBXNativeTarget "MovieAppUITests" */ = {
			isa = XCConfigurationList;
			buildConfigurations = (
				22619579272A892F00258339 /* Debug */,
				2261957A272A892F00258339 /* Release */,
			);
			defaultConfigurationIsVisible = 0;
			defaultConfigurationName = Release;
		};
/* End XCConfigurationList section */
	};
	rootObject = 22619540272A892D00258339 /* Project object */;
}
